
Microsoft Visual Studio Solution File, Format Version 12.00
# Visual Studio Version 17
VisualStudioVersion = 17.2.32616.157
MinimumVisualStudioVersion = 10.0.40219.1
Project("{FAE04EC0-301F-11D3-BF4B-00C04F79EFBC}") = "ProjetoTestesUnitariosDIO", "ProjetoTestesUnitariosDIO\ProjetoTestesUnitariosDIO.csproj", "{5082CF6F-2053-45F1-B6C5-93A7CA644BE1}"
EndProject
Project("{FAE04EC0-301F-11D3-BF4B-00C04F79EFBC}") = "ProjetoTestesUnitariosDIOTests", "ProjetoTestesUnitariosDIOTests\ProjetoTestesUnitariosDIOTests.csproj", "{3F0716B8-2666-49B0-98E5-3DA57419D4ED}"
EndProject
Global
	GlobalSection(SolutionConfigurationPlatforms) = preSolution
		Debug|Any CPU = Debug|Any CPU
		Release|Any CPU = Release|Any CPU
	EndGlobalSection
	GlobalSection(ProjectConfigurationPlatforms) = postSolution
		{5082CF6F-2053-45F1-B6C5-93A7CA644BE1}.Debug|Any CPU.ActiveCfg = Debug|Any CPU
		{5082CF6F-2053-45F1-B6C5-93A7CA644BE1}.Debug|Any CPU.Build.0 = Debug|Any CPU
		{5082CF6F-2053-45F1-B6C5-93A7CA644BE1}.Release|Any CPU.ActiveCfg = Release|Any CPU
		{5082CF6F-2053-45F1-B6C5-93A7CA644BE1}.Release|Any CPU.Build.0 = Release|Any CPU
		{3F0716B8-2666-49B0-98E5-3DA57419D4ED}.Debug|Any CPU.ActiveCfg = Debug|Any CPU
		{3F0716B8-2666-49B0-98E5-3DA57419D4ED}.Debug|Any CPU.Build.0 = Debug|Any CPU
		{3F0716B8-2666-49B0-98E5-3DA57419D4ED}.Release|Any CPU.ActiveCfg = Release|Any CPU
		{3F0716B8-2666-49B0-98E5-3DA57419D4ED}.Release|Any CPU.Build.0 = Release|Any CPU
	EndGlobalSection
	GlobalSection(SolutionProperties) = preSolution
		HideSolutionNode = FALSE
	EndGlobalSection
	GlobalSection(ExtensibilityGlobals) = postSolution
		SolutionGuid = {9EA13761-513C-4BA4-86E9-A858C6564F37}
	EndGlobalSection
EndGlobal
